{
    "_meta": {
        "hash": {
            "sha256": "db4179e254dc2e6b28240505a0a9c7c7eb20532bf4b5b8f8afcff402b7967084"
        },
        "pipfile-spec": 6,
        "requires": {
            "python_full_version": "3.9.13",
            "python_version": "3.9"
        },
        "sources": [
            {
                "name": "pypi",
                "url": "https://pypi.org/simple",
                "verify_ssl": true
            }
        ]
    },
    "default": {
        "antiorm": {
            "hashes": [
                "sha256:96eb1841ce5163db4cf1dc13f4499ec2d7cffc190cf724b78ffdd3e6b7c4ff93"
            ],
            "version": "==1.2.1"
        },
        "db": {
            "hashes": [
                "sha256:980e772f15c1161d3b287ffec4f144e40961b0b3e6d5102809577870bf6c5808"
            ],
            "index": "pypi",
            "version": "==0.1.1"
        }
    },
    "develop": {}
}
